
Microsoft Visual Studio Solution File, Format Version 12.00
# Visual Studio Version 17
VisualStudioVersion = 17.5.2.0
MinimumVisualStudioVersion = 10.0.40219.1
Project("{FAE04EC0-301F-11D3-BF4B-00C04F79EFBC}") = "nextbillion", "nextbillion.csproj", "{293A8AEE-9B51-6627-41CA-3C632BCB9B9D}"
EndProject
Project("{FAE04EC0-301F-11D3-BF4B-00C04F79EFBC}") = "google-maps", "..\google-maps\google-maps.csproj", "{74DB4CDA-BCC0-4602-BA1D-5B94BA9D8848}"
EndProject
Global
	GlobalSection(SolutionConfigurationPlatforms) = preSolution
		Debug|Any CPU = Debug|Any CPU
		Debug|x64 = Debug|x64
		Debug|x86 = Debug|x86
		Release|Any CPU = Release|Any CPU
		Release|x64 = Release|x64
		Release|x86 = Release|x86
	EndGlobalSection
	GlobalSection(ProjectConfigurationPlatforms) = postSolution
		{293A8AEE-9B51-6627-41CA-3C632BCB9B9D}.Debug|Any CPU.ActiveCfg = Debug|Any CPU
		{293A8AEE-9B51-6627-41CA-3C632BCB9B9D}.Debug|Any CPU.Build.0 = Debug|Any CPU
		{293A8AEE-9B51-6627-41CA-3C632BCB9B9D}.Debug|x64.ActiveCfg = Debug|Any CPU
		{293A8AEE-9B51-6627-41CA-3C632BCB9B9D}.Debug|x64.Build.0 = Debug|Any CPU
		{293A8AEE-9B51-6627-41CA-3C632BCB9B9D}.Debug|x86.ActiveCfg = Debug|Any CPU
		{293A8AEE-9B51-6627-41CA-3C632BCB9B9D}.Debug|x86.Build.0 = Debug|Any CPU
		{293A8AEE-9B51-6627-41CA-3C632BCB9B9D}.Release|Any CPU.ActiveCfg = Release|Any CPU
		{293A8AEE-9B51-6627-41CA-3C632BCB9B9D}.Release|Any CPU.Build.0 = Release|Any CPU
		{293A8AEE-9B51-6627-41CA-3C632BCB9B9D}.Release|x64.ActiveCfg = Release|Any CPU
		{293A8AEE-9B51-6627-41CA-3C632BCB9B9D}.Release|x64.Build.0 = Release|Any CPU
		{293A8AEE-9B51-6627-41CA-3C632BCB9B9D}.Release|x86.ActiveCfg = Release|Any CPU
		{293A8AEE-9B51-6627-41CA-3C632BCB9B9D}.Release|x86.Build.0 = Release|Any CPU
		{74DB4CDA-BCC0-4602-BA1D-5B94BA9D8848}.Debug|Any CPU.ActiveCfg = Debug|Any CPU
		{74DB4CDA-BCC0-4602-BA1D-5B94BA9D8848}.Debug|Any CPU.Build.0 = Debug|Any CPU
		{74DB4CDA-BCC0-4602-BA1D-5B94BA9D8848}.Debug|x64.ActiveCfg = Debug|Any CPU
		{74DB4CDA-BCC0-4602-BA1D-5B94BA9D8848}.Debug|x64.Build.0 = Debug|Any CPU
		{74DB4CDA-BCC0-4602-BA1D-5B94BA9D8848}.Debug|x86.ActiveCfg = Debug|Any CPU
		{74DB4CDA-BCC0-4602-BA1D-5B94BA9D8848}.Debug|x86.Build.0 = Debug|Any CPU
		{74DB4CDA-BCC0-4602-BA1D-5B94BA9D8848}.Release|Any CPU.ActiveCfg = Release|Any CPU
		{74DB4CDA-BCC0-4602-BA1D-5B94BA9D8848}.Release|Any CPU.Build.0 = Release|Any CPU
		{74DB4CDA-BCC0-4602-BA1D-5B94BA9D8848}.Release|x64.ActiveCfg = Release|Any CPU
		{74DB4CDA-BCC0-4602-BA1D-5B94BA9D8848}.Release|x64.Build.0 = Release|Any CPU
		{74DB4CDA-BCC0-4602-BA1D-5B94BA9D8848}.Release|x86.ActiveCfg = Release|Any CPU
		{74DB4CDA-BCC0-4602-BA1D-5B94BA9D8848}.Release|x86.Build.0 = Release|Any CPU
	EndGlobalSection
	GlobalSection(SolutionProperties) = preSolution
		HideSolutionNode = FALSE
	EndGlobalSection
	GlobalSection(ExtensibilityGlobals) = postSolution
		SolutionGuid = {606774C9-8111-4DA3-BB4A-6ACD076BDFF9}
	EndGlobalSection
EndGlobal
